
Microsoft Visual Studio Solution File, Format Version 12.00
# Visual Studio Version 17
VisualStudioVersion = 17.13.35825.156 d17.13
MinimumVisualStudioVersion = 10.0.40219.1
Project("{FAE04EC0-301F-11D3-BF4B-00C04F79EFBC}") = "InternshipCompaniesManager", "InternshipCompaniesManager.csproj", "{45659982-DA4A-4ACA-9EF0-BB05AD3EA668}"
EndProject
Global
	GlobalSection(SolutionConfigurationPlatforms) = preSolution
		Debug|Any CPU = Debug|Any CPU
		Release|Any CPU = Release|Any CPU
	EndGlobalSection
	GlobalSection(ProjectConfigurationPlatforms) = postSolution
		{45659982-DA4A-4ACA-9EF0-BB05AD3EA668}.Debug|Any CPU.ActiveCfg = Debug|Any CPU
		{45659982-DA4A-4ACA-9EF0-BB05AD3EA668}.Debug|Any CPU.Build.0 = Debug|Any CPU
		{45659982-DA4A-4ACA-9EF0-BB05AD3EA668}.Release|Any CPU.ActiveCfg = Release|Any CPU
		{45659982-DA4A-4ACA-9EF0-BB05AD3EA668}.Release|Any CPU.Build.0 = Release|Any CPU
	EndGlobalSection
	GlobalSection(SolutionProperties) = preSolution
		HideSolutionNode = FALSE
	EndGlobalSection
	GlobalSection(ExtensibilityGlobals) = postSolution
		SolutionGuid = {ACBA549D-5503-45BE-A63B-9B275642F10F}
	EndGlobalSection
EndGlobal
